{
  "name": "testlex",
  "version": "1.0.0",
  "lockfileVersion": 1,
  "requires": true,
  "dependencies": {
    "flex-js": {
      "version": "1.0.5",
      "resolved": "https://registry.npmjs.org/flex-js/-/flex-js-1.0.5.tgz",
      "integrity": "sha512-Z5uoLzOGtTB/nzaTVVBbwmxOHBzHovAGJHLXE1TUKsQuN1RRWMOWeA08J9RRKtAl9TH9tkaH6fpjA4sLf0DzQw=="
    }
  }
}
